
Microsoft Visual Studio Solution File, Format Version 12.00
# Visual Studio Version 17
VisualStudioVersion = 17.6.33717.318
MinimumVisualStudioVersion = 10.0.40219.1
Project("{FAE04EC0-301F-11D3-BF4B-00C04F79EFBC}") = "Library.Api", "LibraryApi\Library.Api.csproj", "{07E69EBE-FAD6-4A4B-A102-69CE25DB68CD}"
EndProject
Project("{FAE04EC0-301F-11D3-BF4B-00C04F79EFBC}") = "Library.DAL", "Library.DAL\Library.DAL.csproj", "{FB142AD2-C43B-4336-8CD5-D206972AA3E3}"
EndProject
Project("{FAE04EC0-301F-11D3-BF4B-00C04F79EFBC}") = "Library.BLL", "Library.BLL\Library.BLL.csproj", "{FAB8896C-EC76-44C6-9E4A-45C59ABD127A}"
EndProject
Global
	GlobalSection(SolutionConfigurationPlatforms) = preSolution
		Debug|Any CPU = Debug|Any CPU
		Release|Any CPU = Release|Any CPU
	EndGlobalSection
	GlobalSection(ProjectConfigurationPlatforms) = postSolution
		{07E69EBE-FAD6-4A4B-A102-69CE25DB68CD}.Debug|Any CPU.ActiveCfg = Debug|Any CPU
		{07E69EBE-FAD6-4A4B-A102-69CE25DB68CD}.Debug|Any CPU.Build.0 = Debug|Any CPU
		{07E69EBE-FAD6-4A4B-A102-69CE25DB68CD}.Release|Any CPU.ActiveCfg = Release|Any CPU
		{07E69EBE-FAD6-4A4B-A102-69CE25DB68CD}.Release|Any CPU.Build.0 = Release|Any CPU
		{FB142AD2-C43B-4336-8CD5-D206972AA3E3}.Debug|Any CPU.ActiveCfg = Debug|Any CPU
		{FB142AD2-C43B-4336-8CD5-D206972AA3E3}.Debug|Any CPU.Build.0 = Debug|Any CPU
		{FB142AD2-C43B-4336-8CD5-D206972AA3E3}.Release|Any CPU.ActiveCfg = Release|Any CPU
		{FB142AD2-C43B-4336-8CD5-D206972AA3E3}.Release|Any CPU.Build.0 = Release|Any CPU
		{FAB8896C-EC76-44C6-9E4A-45C59ABD127A}.Debug|Any CPU.ActiveCfg = Debug|Any CPU
		{FAB8896C-EC76-44C6-9E4A-45C59ABD127A}.Debug|Any CPU.Build.0 = Debug|Any CPU
		{FAB8896C-EC76-44C6-9E4A-45C59ABD127A}.Release|Any CPU.ActiveCfg = Release|Any CPU
		{FAB8896C-EC76-44C6-9E4A-45C59ABD127A}.Release|Any CPU.Build.0 = Release|Any CPU
	EndGlobalSection
	GlobalSection(SolutionProperties) = preSolution
		HideSolutionNode = FALSE
	EndGlobalSection
	GlobalSection(ExtensibilityGlobals) = postSolution
		SolutionGuid = {028C6DEE-E944-4497-8505-B4242E4A415A}
	EndGlobalSection
EndGlobal
